// !$*UTF8*$!
{
	archiveVersion = 1;
	classes = {
	};
	objectVersion = 77;
	objects = {

/* Begin PBXBuildFile section */
		62EB66C72DA2CA4C00270259 /* FirebaseAnalytics in Frameworks */ = {isa = PBXBuildFile; productRef = 62EB66C62DA2CA4C00270259 /* FirebaseAnalytics */; };
		62EB66C92DA2CA4C00270259 /* FirebaseAnalyticsOnDeviceConversion in Frameworks */ = {isa = PBXBuildFile; productRef = 62EB66C82DA2CA4C00270259 /* FirebaseAnalyticsOnDeviceConversion */; };
		62EB66CB2DA2CA4C00270259 /* FirebaseAnalyticsWithoutAdIdSupport in Frameworks */ = {isa = PBXBuildFile; productRef = 62EB66CA2DA2CA4C00270259 /* FirebaseAnalyticsWithoutAdIdSupport */; };
		62EB66CD2DA2CA4C00270259 /* FirebaseAppCheck in Frameworks */ = {isa = PBXBuildFile; productRef = 62EB66CC2DA2CA4C00270259 /* FirebaseAppCheck */; };
		62EB66CF2DA2CA4C00270259 /* FirebaseAppDistribution-Beta in Frameworks */ = {isa = PBXBuildFile; productRef = 62EB66CE2DA2CA4C00270259 /* FirebaseAppDistribution-Beta */; };
		62EB66D12DA2CDC900270259 /* FirebaseAuth in Frameworks */ = {isa = PBXBuildFile; productRef = 62EB66D02DA2CDC900270259 /* FirebaseAuth */; };
		62EB66D32DA2CDC900270259 /* FirebaseAuthCombine-Community in Frameworks */ = {isa = PBXBuildFile; productRef = 62EB66D22DA2CDC900270259 /* FirebaseAuthCombine-Community */; };
		62EB66D52DA2CDC900270259 /* FirebaseCore in Frameworks */ = {isa = PBXBuildFile; productRef = 62EB66D42DA2CDC900270259 /* FirebaseCore */; };
		62EB66D72DA2CDC900270259 /* FirebaseCrashlytics in Frameworks */ = {isa = PBXBuildFile; productRef = 62EB66D62DA2CDC900270259 /* FirebaseCrashlytics */; };
		62EB66D92DA2CDC900270259 /* FirebaseDatabase in Frameworks */ = {isa = PBXBuildFile; productRef = 62EB66D82DA2CDC900270259 /* FirebaseDatabase */; };
		62EB66DB2DA2CDC900270259 /* FirebaseDynamicLinks in Frameworks */ = {isa = PBXBuildFile; productRef = 62EB66DA2DA2CDC900270259 /* FirebaseDynamicLinks */; };
		62EB66DD2DA2CDC900270259 /* FirebaseFirestore in Frameworks */ = {isa = PBXBuildFile; productRef = 62EB66DC2DA2CDC900270259 /* FirebaseFirestore */; };
		62EB66DF2DA2CDC900270259 /* FirebaseFirestoreCombine-Community in Frameworks */ = {isa = PBXBuildFile; productRef = 62EB66DE2DA2CDC900270259 /* FirebaseFirestoreCombine-Community */; };
		62EB66E12DA2CDC900270259 /* FirebaseFunctions in Frameworks */ = {isa = PBXBuildFile; productRef = 62EB66E02DA2CDC900270259 /* FirebaseFunctions */; };
		62EB66E32DA2CDC900270259 /* FirebaseFunctionsCombine-Community in Frameworks */ = {isa = PBXBuildFile; productRef = 62EB66E22DA2CDC900270259 /* FirebaseFunctionsCombine-Community */; };
		62EB66E52DA2CDC900270259 /* FirebaseInAppMessaging-Beta in Frameworks */ = {isa = PBXBuildFile; productRef = 62EB66E42DA2CDC900270259 /* FirebaseInAppMessaging-Beta */; };
		62EB66E72DA2CDC900270259 /* FirebaseInstallations in Frameworks */ = {isa = PBXBuildFile; productRef = 62EB66E62DA2CDC900270259 /* FirebaseInstallations */; };
		62EB66E92DA2CDC900270259 /* FirebaseMLModelDownloader in Frameworks */ = {isa = PBXBuildFile; productRef = 62EB66E82DA2CDC900270259 /* FirebaseMLModelDownloader */; };
		62EB66EB2DA2CDC900270259 /* FirebaseMessaging in Frameworks */ = {isa = PBXBuildFile; productRef = 62EB66EA2DA2CDC900270259 /* FirebaseMessaging */; };
		62EB66ED2DA2CDC900270259 /* FirebasePerformance in Frameworks */ = {isa = PBXBuildFile; productRef = 62EB66EC2DA2CDC900270259 /* FirebasePerformance */; };
		62EB66EF2DA2CDC900270259 /* FirebaseRemoteConfig in Frameworks */ = {isa = PBXBuildFile; productRef = 62EB66EE2DA2CDC900270259 /* FirebaseRemoteConfig */; };
		62EB66F12DA2CDC900270259 /* FirebaseStorage in Frameworks */ = {isa = PBXBuildFile; productRef = 62EB66F02DA2CDC900270259 /* FirebaseStorage */; };
		62EB66F32DA2CDC900270259 /* FirebaseStorageCombine-Community in Frameworks */ = {isa = PBXBuildFile; productRef = 62EB66F22DA2CDC900270259 /* FirebaseStorageCombine-Community */; };
		62EB66F52DA2CDC900270259 /* FirebaseVertexAI in Frameworks */ = {isa = PBXBuildFile; productRef = 62EB66F42DA2CDC900270259 /* FirebaseVertexAI */; };
/* End PBXBuildFile section */

/* Begin PBXContainerItemProxy section */
		62EB66982DA2C8D000270259 /* PBXContainerItemProxy */ = {
			isa = PBXContainerItemProxy;
			containerPortal = 62EB66822DA2C8CE00270259 /* Project object */;
			proxyType = 1;
			remoteGlobalIDString = 62EB66892DA2C8CE00270259;
			remoteInfo = HackathonApp;
		};
		62EB66A22DA2C8D000270259 /* PBXContainerItemProxy */ = {
			isa = PBXContainerItemProxy;
			containerPortal = 62EB66822DA2C8CE00270259 /* Project object */;
			proxyType = 1;
			remoteGlobalIDString = 62EB66892DA2C8CE00270259;
			remoteInfo = HackathonApp;
		};
/* End PBXContainerItemProxy section */

/* Begin PBXFileReference section */
		62EB668A2DA2C8CE00270259 /* HackathonApp.app */ = {isa = PBXFileReference; explicitFileType = wrapper.application; includeInIndex = 0; path = HackathonApp.app; sourceTree = BUILT_PRODUCTS_DIR; };
		62EB66972DA2C8D000270259 /* HackathonAppTests.xctest */ = {isa = PBXFileReference; explicitFileType = wrapper.cfbundle; includeInIndex = 0; path = HackathonAppTests.xctest; sourceTree = BUILT_PRODUCTS_DIR; };
		62EB66A12DA2C8D000270259 /* HackathonAppUITests.xctest */ = {isa = PBXFileReference; explicitFileType = wrapper.cfbundle; includeInIndex = 0; path = HackathonAppUITests.xctest; sourceTree = BUILT_PRODUCTS_DIR; };
/* End PBXFileReference section */

/* Begin PBXFileSystemSynchronizedRootGroup section */
		62EB668C2DA2C8CE00270259 /* HackathonApp */ = {
			isa = PBXFileSystemSynchronizedRootGroup;
			path = HackathonApp;
			sourceTree = "<group>";
		};
		62EB669A2DA2C8D000270259 /* HackathonAppTests */ = {
			isa = PBXFileSystemSynchronizedRootGroup;
			path = HackathonAppTests;
			sourceTree = "<group>";
		};
		62EB66A42DA2C8D000270259 /* HackathonAppUITests */ = {
			isa = PBXFileSystemSynchronizedRootGroup;
			path = HackathonAppUITests;
			sourceTree = "<group>";
		};
/* End PBXFileSystemSynchronizedRootGroup section */

/* Begin PBXFrameworksBuildPhase section */
		62EB66872DA2C8CE00270259 /* Frameworks */ = {
			isa = PBXFrameworksBuildPhase;
			buildActionMask = 2147483647;
			files = (
				62EB66DF2DA2CDC900270259 /* FirebaseFirestoreCombine-Community in Frameworks */,
				62EB66F52DA2CDC900270259 /* FirebaseVertexAI in Frameworks */,
				62EB66E12DA2CDC900270259 /* FirebaseFunctions in Frameworks */,
				62EB66ED2DA2CDC900270259 /* FirebasePerformance in Frameworks */,
				62EB66F32DA2CDC900270259 /* FirebaseStorageCombine-Community in Frameworks */,
				62EB66EF2DA2CDC900270259 /* FirebaseRemoteConfig in Frameworks */,
				62EB66D92DA2CDC900270259 /* FirebaseDatabase in Frameworks */,
				62EB66DB2DA2CDC900270259 /* FirebaseDynamicLinks in Frameworks */,
				62EB66CD2DA2CA4C00270259 /* FirebaseAppCheck in Frameworks */,
				62EB66D12DA2CDC900270259 /* FirebaseAuth in Frameworks */,
				62EB66C72DA2CA4C00270259 /* FirebaseAnalytics in Frameworks */,
				62EB66DD2DA2CDC900270259 /* FirebaseFirestore in Frameworks */,
				62EB66EB2DA2CDC900270259 /* FirebaseMessaging in Frameworks */,
				62EB66E72DA2CDC900270259 /* FirebaseInstallations in Frameworks */,
				62EB66E32DA2CDC900270259 /* FirebaseFunctionsCombine-Community in Frameworks */,
				62EB66CF2DA2CA4C00270259 /* FirebaseAppDistribution-Beta in Frameworks */,
				62EB66CB2DA2CA4C00270259 /* FirebaseAnalyticsWithoutAdIdSupport in Frameworks */,
				62EB66E52DA2CDC900270259 /* FirebaseInAppMessaging-Beta in Frameworks */,
				62EB66D32DA2CDC900270259 /* FirebaseAuthCombine-Community in Frameworks */,
				62EB66D72DA2CDC900270259 /* FirebaseCrashlytics in Frameworks */,
				62EB66E92DA2CDC900270259 /* FirebaseMLModelDownloader in Frameworks */,
				62EB66F12DA2CDC900270259 /* FirebaseStorage in Frameworks */,
				62EB66D52DA2CDC900270259 /* FirebaseCore in Frameworks */,
				62EB66C92DA2CA4C00270259 /* FirebaseAnalyticsOnDeviceConversion in Frameworks */,
			);
			runOnlyForDeploymentPostprocessing = 0;
		};
		62EB66942DA2C8D000270259 /* Frameworks */ = {
			isa = PBXFrameworksBuildPhase;
			buildActionMask = 2147483647;
			files = (
			);
			runOnlyForDeploymentPostprocessing = 0;
		};
		62EB669E2DA2C8D000270259 /* Frameworks */ = {
			isa = PBXFrameworksBuildPhase;
			buildActionMask = 2147483647;
			files = (
			);
			runOnlyForDeploymentPostprocessing = 0;
		};
/* End PBXFrameworksBuildPhase section */

/* Begin PBXGroup section */
		62EB66812DA2C8CE00270259 = {
			isa = PBXGroup;
			children = (
				62EB668C2DA2C8CE00270259 /* HackathonApp */,
				62EB669A2DA2C8D000270259 /* HackathonAppTests */,
				62EB66A42DA2C8D000270259 /* HackathonAppUITests */,
				62EB668B2DA2C8CE00270259 /* Products */,
			);
			sourceTree = "<group>";
		};
		62EB668B2DA2C8CE00270259 /* Products */ = {
			isa = PBXGroup;
			children = (
				62EB668A2DA2C8CE00270259 /* HackathonApp.app */,
				62EB66972DA2C8D000270259 /* HackathonAppTests.xctest */,
				62EB66A12DA2C8D000270259 /* HackathonAppUITests.xctest */,
			);
			name = Products;
			sourceTree = "<group>";
		};
/* End PBXGroup section */

/* Begin PBXNativeTarget section */
		62EB66892DA2C8CE00270259 /* HackathonApp */ = {
			isa = PBXNativeTarget;
			buildConfigurationList = 62EB66AB2DA2C8D000270259 /* Build configuration list for PBXNativeTarget "HackathonApp" */;
			buildPhases = (
				62EB66862DA2C8CE00270259 /* Sources */,
				62EB66872DA2C8CE00270259 /* Frameworks */,
				62EB66882DA2C8CE00270259 /* Resources */,
			);
			buildRules = (
			);
			dependencies = (
			);
			fileSystemSynchronizedGroups = (
				62EB668C2DA2C8CE00270259 /* HackathonApp */,
			);
			name = HackathonApp;
			packageProductDependencies = (
				62EB66C62DA2CA4C00270259 /* FirebaseAnalytics */,
				62EB66C82DA2CA4C00270259 /* FirebaseAnalyticsOnDeviceConversion */,
				62EB66CA2DA2CA4C00270259 /* FirebaseAnalyticsWithoutAdIdSupport */,
				62EB66CC2DA2CA4C00270259 /* FirebaseAppCheck */,
				62EB66CE2DA2CA4C00270259 /* FirebaseAppDistribution-Beta */,
				62EB66D02DA2CDC900270259 /* FirebaseAuth */,
				62EB66D22DA2CDC900270259 /* FirebaseAuthCombine-Community */,
				62EB66D42DA2CDC900270259 /* FirebaseCore */,
				62EB66D62DA2CDC900270259 /* FirebaseCrashlytics */,
				62EB66D82DA2CDC900270259 /* FirebaseDatabase */,
				62EB66DA2DA2CDC900270259 /* FirebaseDynamicLinks */,
				62EB66DC2DA2CDC900270259 /* FirebaseFirestore */,
				62EB66DE2DA2CDC900270259 /* FirebaseFirestoreCombine-Community */,
				62EB66E02DA2CDC900270259 /* FirebaseFunctions */,
				62EB66E22DA2CDC900270259 /* FirebaseFunctionsCombine-Community */,
				62EB66E42DA2CDC900270259 /* FirebaseInAppMessaging-Beta */,
				62EB66E62DA2CDC900270259 /* FirebaseInstallations */,
				62EB66E82DA2CDC900270259 /* FirebaseMLModelDownloader */,
				62EB66EA2DA2CDC900270259 /* FirebaseMessaging */,
				62EB66EC2DA2CDC900270259 /* FirebasePerformance */,
				62EB66EE2DA2CDC900270259 /* FirebaseRemoteConfig */,
				62EB66F02DA2CDC900270259 /* FirebaseStorage */,
				62EB66F22DA2CDC900270259 /* FirebaseStorageCombine-Community */,
				62EB66F42DA2CDC900270259 /* FirebaseVertexAI */,
			);
			productName = HackathonApp;
			productReference = 62EB668A2DA2C8CE00270259 /* HackathonApp.app */;
			productType = "com.apple.product-type.application";
		};
		62EB66962DA2C8D000270259 /* HackathonAppTests */ = {
			isa = PBXNativeTarget;
			buildConfigurationList = 62EB66AE2DA2C8D000270259 /* Build configuration list for PBXNativeTarget "HackathonAppTests" */;
			buildPhases = (
				62EB66932DA2C8D000270259 /* Sources */,
				62EB66942DA2C8D000270259 /* Frameworks */,
				62EB66952DA2C8D000270259 /* Resources */,
			);
			buildRules = (
			);
			dependencies = (
				62EB66992DA2C8D000270259 /* PBXTargetDependency */,
			);
			fileSystemSynchronizedGroups = (
				62EB669A2DA2C8D000270259 /* HackathonAppTests */,
			);
			name = HackathonAppTests;
			packageProductDependencies = (
			);
			productName = HackathonAppTests;
			productReference = 62EB66972DA2C8D000270259 /* HackathonAppTests.xctest */;
			productType = "com.apple.product-type.bundle.unit-test";
		};
		62EB66A02DA2C8D000270259 /* HackathonAppUITests */ = {
			isa = PBXNativeTarget;
			buildConfigurationList = 62EB66B12DA2C8D000270259 /* Build configuration list for PBXNativeTarget "HackathonAppUITests" */;
			buildPhases = (
				62EB669D2DA2C8D000270259 /* Sources */,
				62EB669E2DA2C8D000270259 /* Frameworks */,
				62EB669F2DA2C8D000270259 /* Resources */,
			);
			buildRules = (
			);
			dependencies = (
				62EB66A32DA2C8D000270259 /* PBXTargetDependency */,
			);
			fileSystemSynchronizedGroups = (
				62EB66A42DA2C8D000270259 /* HackathonAppUITests */,
			);
			name = HackathonAppUITests;
			packageProductDependencies = (
			);
			productName = HackathonAppUITests;
			productReference = 62EB66A12DA2C8D000270259 /* HackathonAppUITests.xctest */;
			productType = "com.apple.product-type.bundle.ui-testing";
		};
/* End PBXNativeTarget section */

/* Begin PBXProject section */
		62EB66822DA2C8CE00270259 /* Project object */ = {
			isa = PBXProject;
			attributes = {
				BuildIndependentTargetsInParallel = 1;
				LastSwiftUpdateCheck = 1630;
				LastUpgradeCheck = 1630;
				TargetAttributes = {
					62EB66892DA2C8CE00270259 = {
						CreatedOnToolsVersion = 16.3;
					};
					62EB66962DA2C8D000270259 = {
						CreatedOnToolsVersion = 16.3;
						TestTargetID = 62EB66892DA2C8CE00270259;
					};
					62EB66A02DA2C8D000270259 = {
						CreatedOnToolsVersion = 16.3;
						TestTargetID = 62EB66892DA2C8CE00270259;
					};
				};
			};
			buildConfigurationList = 62EB66852DA2C8CE00270259 /* Build configuration list for PBXProject "HackathonApp" */;
			developmentRegion = en;
			hasScannedForEncodings = 0;
			knownRegions = (
				en,
				Base,
			);
			mainGroup = 62EB66812DA2C8CE00270259;
			minimizedProjectReferenceProxies = 1;
			packageReferences = (
				62EB66C52DA2CA4C00270259 /* XCRemoteSwiftPackageReference "firebase-ios-sdk" */,
			);
			preferredProjectObjectVersion = 77;
			productRefGroup = 62EB668B2DA2C8CE00270259 /* Products */;
			projectDirPath = "";
			projectRoot = "";
			targets = (
				62EB66892DA2C8CE00270259 /* HackathonApp */,
				62EB66962DA2C8D000270259 /* HackathonAppTests */,
				62EB66A02DA2C8D000270259 /* HackathonAppUITests */,
			);
		};
/* End PBXProject section */

/* Begin PBXResourcesBuildPhase section */
		62EB66882DA2C8CE00270259 /* Resources */ = {
			isa = PBXResourcesBuildPhase;
			buildActionMask = 2147483647;
			files = (
			);
			runOnlyForDeploymentPostprocessing = 0;
		};
		62EB66952DA2C8D000270259 /* Resources */ = {
			isa = PBXResourcesBuildPhase;
			buildActionMask = 2147483647;
			files = (
			);
			runOnlyForDeploymentPostprocessing = 0;
		};
		62EB669F2DA2C8D000270259 /* Resources */ = {
			isa = PBXResourcesBuildPhase;
			buildActionMask = 2147483647;
			files = (
			);
			runOnlyForDeploymentPostprocessing = 0;
		};
/* End PBXResourcesBuildPhase section */

/* Begin PBXSourcesBuildPhase section */
		62EB66862DA2C8CE00270259 /* Sources */ = {
			isa = PBXSourcesBuildPhase;
			buildActionMask = 2147483647;
			files = (
			);
			runOnlyForDeploymentPostprocessing = 0;
		};
		62EB66932DA2C8D000270259 /* Sources */ = {
			isa = PBXSourcesBuildPhase;
			buildActionMask = 2147483647;
			files = (
			);
			runOnlyForDeploymentPostprocessing = 0;
		};
		62EB669D2DA2C8D000270259 /* Sources */ = {
			isa = PBXSourcesBuildPhase;
			buildActionMask = 2147483647;
			files = (
			);
			runOnlyForDeploymentPostprocessing = 0;
		};
/* End PBXSourcesBuildPhase section */

/* Begin PBXTargetDependency section */
		62EB66992DA2C8D000270259 /* PBXTargetDependency */ = {
			isa = PBXTargetDependency;
			target = 62EB66892DA2C8CE00270259 /* HackathonApp */;
			targetProxy = 62EB66982DA2C8D000270259 /* PBXContainerItemProxy */;
		};
		62EB66A32DA2C8D000270259 /* PBXTargetDependency */ = {
			isa = PBXTargetDependency;
			target = 62EB66892DA2C8CE00270259 /* HackathonApp */;
			targetProxy = 62EB66A22DA2C8D000270259 /* PBXContainerItemProxy */;
		};
/* End PBXTargetDependency section */

/* Begin XCBuildConfiguration section */
		62EB66A92DA2C8D000270259 /* Debug */ = {
			isa = XCBuildConfiguration;
			buildSettings = {
				ALWAYS_SEARCH_USER_PATHS = NO;
				ASSETCATALOG_COMPILER_GENERATE_SWIFT_ASSET_SYMBOL_EXTENSIONS = YES;
				CLANG_ANALYZER_NONNULL = YES;
				CLANG_ANALYZER_NUMBER_OBJECT_CONVERSION = YES_AGGRESSIVE;
				CLANG_CXX_LANGUAGE_STANDARD = "gnu++20";
				CLANG_ENABLE_MODULES = YES;
				CLANG_ENABLE_OBJC_ARC = YES;
				CLANG_ENABLE_OBJC_WEAK = YES;
				CLANG_WARN_BLOCK_CAPTURE_AUTORELEASING = YES;
				CLANG_WARN_BOOL_CONVERSION = YES;
				CLANG_WARN_COMMA = YES;
				CLANG_WARN_CONSTANT_CONVERSION = YES;
				CLANG_WARN_DEPRECATED_OBJC_IMPLEMENTATIONS = YES;
				CLANG_WARN_DIRECT_OBJC_ISA_USAGE = YES_ERROR;
				CLANG_WARN_DOCUMENTATION_COMMENTS = YES;
				CLANG_WARN_EMPTY_BODY = YES;
				CLANG_WARN_ENUM_CONVERSION = YES;
				CLANG_WARN_INFINITE_RECURSION = YES;
				CLANG_WARN_INT_CONVERSION = YES;
				CLANG_WARN_NON_LITERAL_NULL_CONVERSION = YES;
				CLANG_WARN_OBJC_IMPLICIT_RETAIN_SELF = YES;
				CLANG_WARN_OBJC_LITERAL_CONVERSION = YES;
				CLANG_WARN_OBJC_ROOT_CLASS = YES_ERROR;
				CLANG_WARN_QUOTED_INCLUDE_IN_FRAMEWORK_HEADER = YES;
				CLANG_WARN_RANGE_LOOP_ANALYSIS = YES;
				CLANG_WARN_STRICT_PROTOTYPES = YES;
				CLANG_WARN_SUSPICIOUS_MOVE = YES;
				CLANG_WARN_UNGUARDED_AVAILABILITY = YES_AGGRESSIVE;
				CLANG_WARN_UNREACHABLE_CODE = YES;
				CLANG_WARN__DUPLICATE_METHOD_MATCH = YES;
				COPY_PHASE_STRIP = NO;
				DEBUG_INFORMATION_FORMAT = dwarf;
				DEVELOPMENT_TEAM = DQ8FVWNSC3;
				ENABLE_STRICT_OBJC_MSGSEND = YES;
				ENABLE_TESTABILITY = YES;
				ENABLE_USER_SCRIPT_SANDBOXING = YES;
				GCC_C_LANGUAGE_STANDARD = gnu17;
				GCC_DYNAMIC_NO_PIC = NO;
				GCC_NO_COMMON_BLOCKS = YES;
				GCC_OPTIMIZATION_LEVEL = 0;
				GCC_PREPROCESSOR_DEFINITIONS = (
					"DEBUG=1",
					"$(inherited)",
				);
				GCC_WARN_64_TO_32_BIT_CONVERSION = YES;
				GCC_WARN_ABOUT_RETURN_TYPE = YES_ERROR;
				GCC_WARN_UNDECLARED_SELECTOR = YES;
				GCC_WARN_UNINITIALIZED_AUTOS = YES_AGGRESSIVE;
				GCC_WARN_UNUSED_FUNCTION = YES;
				GCC_WARN_UNUSED_VARIABLE = YES;
				IPHONEOS_DEPLOYMENT_TARGET = 18.4;
				LOCALIZATION_PREFERS_STRING_CATALOGS = YES;
				MTL_ENABLE_DEBUG_INFO = INCLUDE_SOURCE;
				MTL_FAST_MATH = YES;
				ONLY_ACTIVE_ARCH = YES;
				SDKROOT = iphoneos;
				SWIFT_ACTIVE_COMPILATION_CONDITIONS = "DEBUG $(inherited)";
				SWIFT_OPTIMIZATION_LEVEL = "-Onone";
			};
			name = Debug;
		};
		62EB66AA2DA2C8D000270259 /* Release */ = {
			isa = XCBuildConfiguration;
			buildSettings = {
				ALWAYS_SEARCH_USER_PATHS = NO;
				ASSETCATALOG_COMPILER_GENERATE_SWIFT_ASSET_SYMBOL_EXTENSIONS = YES;
				CLANG_ANALYZER_NONNULL = YES;
				CLANG_ANALYZER_NUMBER_OBJECT_CONVERSION = YES_AGGRESSIVE;
				CLANG_CXX_LANGUAGE_STANDARD = "gnu++20";
				CLANG_ENABLE_MODULES = YES;
				CLANG_ENABLE_OBJC_ARC = YES;
				CLANG_ENABLE_OBJC_WEAK = YES;
				CLANG_WARN_BLOCK_CAPTURE_AUTORELEASING = YES;
				CLANG_WARN_BOOL_CONVERSION = YES;
				CLANG_WARN_COMMA = YES;
				CLANG_WARN_CONSTANT_CONVERSION = YES;
				CLANG_WARN_DEPRECATED_OBJC_IMPLEMENTATIONS = YES;
				CLANG_WARN_DIRECT_OBJC_ISA_USAGE = YES_ERROR;
				CLANG_WARN_DOCUMENTATION_COMMENTS = YES;
				CLANG_WARN_EMPTY_BODY = YES;
				CLANG_WARN_ENUM_CONVERSION = YES;
				CLANG_WARN_INFINITE_RECURSION = YES;
				CLANG_WARN_INT_CONVERSION = YES;
				CLANG_WARN_NON_LITERAL_NULL_CONVERSION = YES;
				CLANG_WARN_OBJC_IMPLICIT_RETAIN_SELF = YES;
				CLANG_WARN_OBJC_LITERAL_CONVERSION = YES;
				CLANG_WARN_OBJC_ROOT_CLASS = YES_ERROR;
				CLANG_WARN_QUOTED_INCLUDE_IN_FRAMEWORK_HEADER = YES;
				CLANG_WARN_RANGE_LOOP_ANALYSIS = YES;
				CLANG_WARN_STRICT_PROTOTYPES = YES;
				CLANG_WARN_SUSPICIOUS_MOVE = YES;
				CLANG_WARN_UNGUARDED_AVAILABILITY = YES_AGGRESSIVE;
				CLANG_WARN_UNREACHABLE_CODE = YES;
				CLANG_WARN__DUPLICATE_METHOD_MATCH = YES;
				COPY_PHASE_STRIP = NO;
				DEBUG_INFORMATION_FORMAT = "dwarf-with-dsym";
				DEVELOPMENT_TEAM = DQ8FVWNSC3;
				ENABLE_NS_ASSERTIONS = NO;
				ENABLE_STRICT_OBJC_MSGSEND = YES;
				ENABLE_USER_SCRIPT_SANDBOXING = YES;
				GCC_C_LANGUAGE_STANDARD = gnu17;
				GCC_NO_COMMON_BLOCKS = YES;
				GCC_WARN_64_TO_32_BIT_CONVERSION = YES;
				GCC_WARN_ABOUT_RETURN_TYPE = YES_ERROR;
				GCC_WARN_UNDECLARED_SELECTOR = YES;
				GCC_WARN_UNINITIALIZED_AUTOS = YES_AGGRESSIVE;
				GCC_WARN_UNUSED_FUNCTION = YES;
				GCC_WARN_UNUSED_VARIABLE = YES;
				IPHONEOS_DEPLOYMENT_TARGET = 18.4;
				LOCALIZATION_PREFERS_STRING_CATALOGS = YES;
				MTL_ENABLE_DEBUG_INFO = NO;
				MTL_FAST_MATH = YES;
				SDKROOT = iphoneos;
				SWIFT_COMPILATION_MODE = wholemodule;
				VALIDATE_PRODUCT = YES;
			};
			name = Release;
		};
		62EB66AC2DA2C8D000270259 /* Debug */ = {
			isa = XCBuildConfiguration;
			buildSettings = {
				ASSETCATALOG_COMPILER_APPICON_NAME = AppIcon;
				ASSETCATALOG_COMPILER_GLOBAL_ACCENT_COLOR_NAME = AccentColor;
				CODE_SIGN_STYLE = Automatic;
				CURRENT_PROJECT_VERSION = 1;
				DEVELOPMENT_TEAM = DQ8FVWNSC3;
				ENABLE_PREVIEWS = YES;
				GENERATE_INFOPLIST_FILE = YES;
				INFOPLIST_KEY_UIApplicationSceneManifest_Generation = YES;
				INFOPLIST_KEY_UIApplicationSupportsIndirectInputEvents = YES;
				INFOPLIST_KEY_UILaunchScreen_Generation = YES;
				INFOPLIST_KEY_UISupportedInterfaceOrientations_iPad = "UIInterfaceOrientationPortrait UIInterfaceOrientationPortraitUpsideDown UIInterfaceOrientationLandscapeLeft UIInterfaceOrientationLandscapeRight";
				INFOPLIST_KEY_UISupportedInterfaceOrientations_iPhone = "UIInterfaceOrientationPortrait UIInterfaceOrientationLandscapeLeft UIInterfaceOrientationLandscapeRight";
				LD_RUNPATH_SEARCH_PATHS = (
					"$(inherited)",
					"@executable_path/Frameworks",
				);
				MARKETING_VERSION = 1.0;
				PRODUCT_BUNDLE_IDENTIFIER = sample.HackathonApp;
				PRODUCT_NAME = "$(TARGET_NAME)";
				SWIFT_EMIT_LOC_STRINGS = YES;
				SWIFT_VERSION = 5.0;
				TARGETED_DEVICE_FAMILY = "1,2";
			};
			name = Debug;
		};
		62EB66AD2DA2C8D000270259 /* Release */ = {
			isa = XCBuildConfiguration;
			buildSettings = {
				ASSETCATALOG_COMPILER_APPICON_NAME = AppIcon;
				ASSETCATALOG_COMPILER_GLOBAL_ACCENT_COLOR_NAME = AccentColor;
				CODE_SIGN_STYLE = Automatic;
				CURRENT_PROJECT_VERSION = 1;
				DEVELOPMENT_TEAM = DQ8FVWNSC3;
				ENABLE_PREVIEWS = YES;
				GENERATE_INFOPLIST_FILE = YES;
				INFOPLIST_KEY_UIApplicationSceneManifest_Generation = YES;
				INFOPLIST_KEY_UIApplicationSupportsIndirectInputEvents = YES;
				INFOPLIST_KEY_UILaunchScreen_Generation = YES;
				INFOPLIST_KEY_UISupportedInterfaceOrientations_iPad = "UIInterfaceOrientationPortrait UIInterfaceOrientationPortraitUpsideDown UIInterfaceOrientationLandscapeLeft UIInterfaceOrientationLandscapeRight";
				INFOPLIST_KEY_UISupportedInterfaceOrientations_iPhone = "UIInterfaceOrientationPortrait UIInterfaceOrientationLandscapeLeft UIInterfaceOrientationLandscapeRight";
				LD_RUNPATH_SEARCH_PATHS = (
					"$(inherited)",
					"@executable_path/Frameworks",
				);
				MARKETING_VERSION = 1.0;
				PRODUCT_BUNDLE_IDENTIFIER = sample.HackathonApp;
				PRODUCT_NAME = "$(TARGET_NAME)";
				SWIFT_EMIT_LOC_STRINGS = YES;
				SWIFT_VERSION = 5.0;
				TARGETED_DEVICE_FAMILY = "1,2";
			};
			name = Release;
		};
		62EB66AF2DA2C8D000270259 /* Debug */ = {
			isa = XCBuildConfiguration;
			buildSettings = {
				BUNDLE_LOADER = "$(TEST_HOST)";
				CODE_SIGN_STYLE = Automatic;
				CURRENT_PROJECT_VERSION = 1;
				DEVELOPMENT_TEAM = DQ8FVWNSC3;
				GENERATE_INFOPLIST_FILE = YES;
				IPHONEOS_DEPLOYMENT_TARGET = 18.4;
				MARKETING_VERSION = 1.0;
				PRODUCT_BUNDLE_IDENTIFIER = sample.HackathonAppTests;
				PRODUCT_NAME = "$(TARGET_NAME)";
				SWIFT_EMIT_LOC_STRINGS = NO;
				SWIFT_VERSION = 5.0;
				TARGETED_DEVICE_FAMILY = "1,2";
				TEST_HOST = "$(BUILT_PRODUCTS_DIR)/HackathonApp.app/$(BUNDLE_EXECUTABLE_FOLDER_PATH)/HackathonApp";
			};
			name = Debug;
		};
		62EB66B02DA2C8D000270259 /* Release */ = {
			isa = XCBuildConfiguration;
			buildSettings = {
				BUNDLE_LOADER = "$(TEST_HOST)";
				CODE_SIGN_STYLE = Automatic;
				CURRENT_PROJECT_VERSION = 1;
				DEVELOPMENT_TEAM = DQ8FVWNSC3;
				GENERATE_INFOPLIST_FILE = YES;
				IPHONEOS_DEPLOYMENT_TARGET = 18.4;
				MARKETING_VERSION = 1.0;
				PRODUCT_BUNDLE_IDENTIFIER = sample.HackathonAppTests;
				PRODUCT_NAME = "$(TARGET_NAME)";
				SWIFT_EMIT_LOC_STRINGS = NO;
				SWIFT_VERSION = 5.0;
				TARGETED_DEVICE_FAMILY = "1,2";
				TEST_HOST = "$(BUILT_PRODUCTS_DIR)/HackathonApp.app/$(BUNDLE_EXECUTABLE_FOLDER_PATH)/HackathonApp";
			};
			name = Release;
		};
		62EB66B22DA2C8D000270259 /* Debug */ = {
			isa = XCBuildConfiguration;
			buildSettings = {
				CODE_SIGN_STYLE = Automatic;
				CURRENT_PROJECT_VERSION = 1;
				DEVELOPMENT_TEAM = DQ8FVWNSC3;
				GENERATE_INFOPLIST_FILE = YES;
				MARKETING_VERSION = 1.0;
				PRODUCT_BUNDLE_IDENTIFIER = sample.HackathonAppUITests;
				PRODUCT_NAME = "$(TARGET_NAME)";
				SWIFT_EMIT_LOC_STRINGS = NO;
				SWIFT_VERSION = 5.0;
				TARGETED_DEVICE_FAMILY = "1,2";
				TEST_TARGET_NAME = HackathonApp;
			};
			name = Debug;
		};
		62EB66B32DA2C8D000270259 /* Release */ = {
			isa = XCBuildConfiguration;
			buildSettings = {
				CODE_SIGN_STYLE = Automatic;
				CURRENT_PROJECT_VERSION = 1;
				DEVELOPMENT_TEAM = DQ8FVWNSC3;
				GENERATE_INFOPLIST_FILE = YES;
				MARKETING_VERSION = 1.0;
				PRODUCT_BUNDLE_IDENTIFIER = sample.HackathonAppUITests;
				PRODUCT_NAME = "$(TARGET_NAME)";
				SWIFT_EMIT_LOC_STRINGS = NO;
				SWIFT_VERSION = 5.0;
				TARGETED_DEVICE_FAMILY = "1,2";
				TEST_TARGET_NAME = HackathonApp;
			};
			name = Release;
		};
/* End XCBuildConfiguration section */

/* Begin XCConfigurationList section */
		62EB66852DA2C8CE00270259 /* Build configuration list for PBXProject "HackathonApp" */ = {
			isa = XCConfigurationList;
			buildConfigurations = (
				62EB66A92DA2C8D000270259 /* Debug */,
				62EB66AA2DA2C8D000270259 /* Release */,
			);
			defaultConfigurationIsVisible = 0;
			defaultConfigurationName = Release;
		};
		62EB66AB2DA2C8D000270259 /* Build configuration list for PBXNativeTarget "HackathonApp" */ = {
			isa = XCConfigurationList;
			buildConfigurations = (
				62EB66AC2DA2C8D000270259 /* Debug */,
				62EB66AD2DA2C8D000270259 /* Release */,
			);
			defaultConfigurationIsVisible = 0;
			defaultConfigurationName = Release;
		};
		62EB66AE2DA2C8D000270259 /* Build configuration list for PBXNativeTarget "HackathonAppTests" */ = {
			isa = XCConfigurationList;
			buildConfigurations = (
				62EB66AF2DA2C8D000270259 /* Debug */,
				62EB66B02DA2C8D000270259 /* Release */,
			);
			defaultConfigurationIsVisible = 0;
			defaultConfigurationName = Release;
		};
		62EB66B12DA2C8D000270259 /* Build configuration list for PBXNativeTarget "HackathonAppUITests" */ = {
			isa = XCConfigurationList;
			buildConfigurations = (
				62EB66B22DA2C8D000270259 /* Debug */,
				62EB66B32DA2C8D000270259 /* Release */,
			);
			defaultConfigurationIsVisible = 0;
			defaultConfigurationName = Release;
		};
/* End XCConfigurationList section */

/* Begin XCRemoteSwiftPackageReference section */
		62EB66C52DA2CA4C00270259 /* XCRemoteSwiftPackageReference "firebase-ios-sdk" */ = {
			isa = XCRemoteSwiftPackageReference;
			repositoryURL = "https://github.com/firebase/firebase-ios-sdk";
			requirement = {
				kind = upToNextMajorVersion;
				minimumVersion = 11.11.0;
			};
		};
/* End XCRemoteSwiftPackageReference section */

/* Begin XCSwiftPackageProductDependency section */
		62EB66C62DA2CA4C00270259 /* FirebaseAnalytics */ = {
			isa = XCSwiftPackageProductDependency;
			package = 62EB66C52DA2CA4C00270259 /* XCRemoteSwiftPackageReference "firebase-ios-sdk" */;
			productName = FirebaseAnalytics;
		};
		62EB66C82DA2CA4C00270259 /* FirebaseAnalyticsOnDeviceConversion */ = {
			isa = XCSwiftPackageProductDependency;
			package = 62EB66C52DA2CA4C00270259 /* XCRemoteSwiftPackageReference "firebase-ios-sdk" */;
			productName = FirebaseAnalyticsOnDeviceConversion;
		};
		62EB66CA2DA2CA4C00270259 /* FirebaseAnalyticsWithoutAdIdSupport */ = {
			isa = XCSwiftPackageProductDependency;
			package = 62EB66C52DA2CA4C00270259 /* XCRemoteSwiftPackageReference "firebase-ios-sdk" */;
			productName = FirebaseAnalyticsWithoutAdIdSupport;
		};
		62EB66CC2DA2CA4C00270259 /* FirebaseAppCheck */ = {
			isa = XCSwiftPackageProductDependency;
			package = 62EB66C52DA2CA4C00270259 /* XCRemoteSwiftPackageReference "firebase-ios-sdk" */;
			productName = FirebaseAppCheck;
		};
		62EB66CE2DA2CA4C00270259 /* FirebaseAppDistribution-Beta */ = {
			isa = XCSwiftPackageProductDependency;
			package = 62EB66C52DA2CA4C00270259 /* XCRemoteSwiftPackageReference "firebase-ios-sdk" */;
			productName = "FirebaseAppDistribution-Beta";
		};
		62EB66D02DA2CDC900270259 /* FirebaseAuth */ = {
			isa = XCSwiftPackageProductDependency;
			package = 62EB66C52DA2CA4C00270259 /* XCRemoteSwiftPackageReference "firebase-ios-sdk" */;
			productName = FirebaseAuth;
		};
		62EB66D22DA2CDC900270259 /* FirebaseAuthCombine-Community */ = {
			isa = XCSwiftPackageProductDependency;
			package = 62EB66C52DA2CA4C00270259 /* XCRemoteSwiftPackageReference "firebase-ios-sdk" */;
			productName = "FirebaseAuthCombine-Community";
		};
		62EB66D42DA2CDC900270259 /* FirebaseCore */ = {
			isa = XCSwiftPackageProductDependency;
			package = 62EB66C52DA2CA4C00270259 /* XCRemoteSwiftPackageReference "firebase-ios-sdk" */;
			productName = FirebaseCore;
		};
		62EB66D62DA2CDC900270259 /* FirebaseCrashlytics */ = {
			isa = XCSwiftPackageProductDependency;
			package = 62EB66C52DA2CA4C00270259 /* XCRemoteSwiftPackageReference "firebase-ios-sdk" */;
			productName = FirebaseCrashlytics;
		};
		62EB66D82DA2CDC900270259 /* FirebaseDatabase */ = {
			isa = XCSwiftPackageProductDependency;
			package = 62EB66C52DA2CA4C00270259 /* XCRemoteSwiftPackageReference "firebase-ios-sdk" */;
			productName = FirebaseDatabase;
		};
		62EB66DA2DA2CDC900270259 /* FirebaseDynamicLinks */ = {
			isa = XCSwiftPackageProductDependency;
			package = 62EB66C52DA2CA4C00270259 /* XCRemoteSwiftPackageReference "firebase-ios-sdk" */;
			productName = FirebaseDynamicLinks;
		};
		62EB66DC2DA2CDC900270259 /* FirebaseFirestore */ = {
			isa = XCSwiftPackageProductDependency;
			package = 62EB66C52DA2CA4C00270259 /* XCRemoteSwiftPackageReference "firebase-ios-sdk" */;
			productName = FirebaseFirestore;
		};
		62EB66DE2DA2CDC900270259 /* FirebaseFirestoreCombine-Community */ = {
			isa = XCSwiftPackageProductDependency;
			package = 62EB66C52DA2CA4C00270259 /* XCRemoteSwiftPackageReference "firebase-ios-sdk" */;
			productName = "FirebaseFirestoreCombine-Community";
		};
		62EB66E02DA2CDC900270259 /* FirebaseFunctions */ = {
			isa = XCSwiftPackageProductDependency;
			package = 62EB66C52DA2CA4C00270259 /* XCRemoteSwiftPackageReference "firebase-ios-sdk" */;
			productName = FirebaseFunctions;
		};
		62EB66E22DA2CDC900270259 /* FirebaseFunctionsCombine-Community */ = {
			isa = XCSwiftPackageProductDependency;
			package = 62EB66C52DA2CA4C00270259 /* XCRemoteSwiftPackageReference "firebase-ios-sdk" */;
			productName = "FirebaseFunctionsCombine-Community";
		};
		62EB66E42DA2CDC900270259 /* FirebaseInAppMessaging-Beta */ = {
			isa = XCSwiftPackageProductDependency;
			package = 62EB66C52DA2CA4C00270259 /* XCRemoteSwiftPackageReference "firebase-ios-sdk" */;
			productName = "FirebaseInAppMessaging-Beta";
		};
		62EB66E62DA2CDC900270259 /* FirebaseInstallations */ = {
			isa = XCSwiftPackageProductDependency;
			package = 62EB66C52DA2CA4C00270259 /* XCRemoteSwiftPackageReference "firebase-ios-sdk" */;
			productName = FirebaseInstallations;
		};
		62EB66E82DA2CDC900270259 /* FirebaseMLModelDownloader */ = {
			isa = XCSwiftPackageProductDependency;
			package = 62EB66C52DA2CA4C00270259 /* XCRemoteSwiftPackageReference "firebase-ios-sdk" */;
			productName = FirebaseMLModelDownloader;
		};
		62EB66EA2DA2CDC900270259 /* FirebaseMessaging */ = {
			isa = XCSwiftPackageProductDependency;
			package = 62EB66C52DA2CA4C00270259 /* XCRemoteSwiftPackageReference "firebase-ios-sdk" */;
			productName = FirebaseMessaging;
		};
		62EB66EC2DA2CDC900270259 /* FirebasePerformance */ = {
			isa = XCSwiftPackageProductDependency;
			package = 62EB66C52DA2CA4C00270259 /* XCRemoteSwiftPackageReference "firebase-ios-sdk" */;
			productName = FirebasePerformance;
		};
		62EB66EE2DA2CDC900270259 /* FirebaseRemoteConfig */ = {
			isa = XCSwiftPackageProductDependency;
			package = 62EB66C52DA2CA4C00270259 /* XCRemoteSwiftPackageReference "firebase-ios-sdk" */;
			productName = FirebaseRemoteConfig;
		};
		62EB66F02DA2CDC900270259 /* FirebaseStorage */ = {
			isa = XCSwiftPackageProductDependency;
			package = 62EB66C52DA2CA4C00270259 /* XCRemoteSwiftPackageReference "firebase-ios-sdk" */;
			productName = FirebaseStorage;
		};
		62EB66F22DA2CDC900270259 /* FirebaseStorageCombine-Community */ = {
			isa = XCSwiftPackageProductDependency;
			package = 62EB66C52DA2CA4C00270259 /* XCRemoteSwiftPackageReference "firebase-ios-sdk" */;
			productName = "FirebaseStorageCombine-Community";
		};
		62EB66F42DA2CDC900270259 /* FirebaseVertexAI */ = {
			isa = XCSwiftPackageProductDependency;
			package = 62EB66C52DA2CA4C00270259 /* XCRemoteSwiftPackageReference "firebase-ios-sdk" */;
			productName = FirebaseVertexAI;
		};
/* End XCSwiftPackageProductDependency section */
	};
	rootObject = 62EB66822DA2C8CE00270259 /* Project object */;
}
